// !$*UTF8*$!
{
	archiveVersion = 1;
	classes = {
	};
	objectVersion = 56;
	objects = {

/* Begin PBXBuildFile section */
		3B2D9B0E29D3341900A81C57 /* ExogamesApp.swift in Sources */ = {isa = PBXBuildFile; fileRef = 3B2D9B0D29D3341900A81C57 /* ExogamesApp.swift */; };
		3B2D9B1029D3341900A81C57 /* ContentView.swift in Sources */ = {isa = PBXBuildFile; fileRef = 3B2D9B0F29D3341900A81C57 /* ContentView.swift */; };
		3B2D9B1229D3341B00A81C57 /* Assets.xcassets in Resources */ = {isa = PBXBuildFile; fileRef = 3B2D9B1129D3341B00A81C57 /* Assets.xcassets */; };
		3B2D9B1529D3341B00A81C57 /* Preview Assets.xcassets in Resources */ = {isa = PBXBuildFile; fileRef = 3B2D9B1429D3341B00A81C57 /* Preview Assets.xcassets */; };
		3B2D9B1F29D3341B00A81C57 /* ExogamesTests.swift in Sources */ = {isa = PBXBuildFile; fileRef = 3B2D9B1E29D3341B00A81C57 /* ExogamesTests.swift */; };
		3B2D9B2929D3341B00A81C57 /* ExogamesUITests.swift in Sources */ = {isa = PBXBuildFile; fileRef = 3B2D9B2829D3341B00A81C57 /* ExogamesUITests.swift */; };
		3B2D9B2B29D3341B00A81C57 /* ExogamesUITestsLaunchTests.swift in Sources */ = {isa = PBXBuildFile; fileRef = 3B2D9B2A29D3341B00A81C57 /* ExogamesUITestsLaunchTests.swift */; };
/* End PBXBuildFile section */

/* Begin PBXContainerItemProxy section */
		3B2D9B1B29D3341B00A81C57 /* PBXContainerItemProxy */ = {
			isa = PBXContainerItemProxy;
			containerPortal = 3B2D9B0229D3341900A81C57 /* Project object */;
			proxyType = 1;
			remoteGlobalIDString = 3B2D9B0929D3341900A81C57;
			remoteInfo = Exogames;
		};
		3B2D9B2529D3341B00A81C57 /* PBXContainerItemProxy */ = {
			isa = PBXContainerItemProxy;
			containerPortal = 3B2D9B0229D3341900A81C57 /* Project object */;
			proxyType = 1;
			remoteGlobalIDString = 3B2D9B0929D3341900A81C57;
			remoteInfo = Exogames;
		};
/* End PBXContainerItemProxy section */

/* Begin PBXFileReference section */
		3B2D9B0A29D3341900A81C57 /* Exogames.app */ = {isa = PBXFileReference; explicitFileType = wrapper.application; includeInIndex = 0; path = Exogames.app; sourceTree = BUILT_PRODUCTS_DIR; };
		3B2D9B0D29D3341900A81C57 /* ExogamesApp.swift */ = {isa = PBXFileReference; lastKnownFileType = sourcecode.swift; path = ExogamesApp.swift; sourceTree = "<group>"; };
		3B2D9B0F29D3341900A81C57 /* ContentView.swift */ = {isa = PBXFileReference; lastKnownFileType = sourcecode.swift; path = ContentView.swift; sourceTree = "<group>"; };
		3B2D9B1129D3341B00A81C57 /* Assets.xcassets */ = {isa = PBXFileReference; lastKnownFileType = folder.assetcatalog; path = Assets.xcassets; sourceTree = "<group>"; };
		3B2D9B1429D3341B00A81C57 /* Preview Assets.xcassets */ = {isa = PBXFileReference; lastKnownFileType = folder.assetcatalog; path = "Preview Assets.xcassets"; sourceTree = "<group>"; };
		3B2D9B1A29D3341B00A81C57 /* ExogamesTests.xctest */ = {isa = PBXFileReference; explicitFileType = wrapper.cfbundle; includeInIndex = 0; path = ExogamesTests.xctest; sourceTree = BUILT_PRODUCTS_DIR; };
		3B2D9B1E29D3341B00A81C57 /* ExogamesTests.swift */ = {isa = PBXFileReference; lastKnownFileType = sourcecode.swift; path = ExogamesTests.swift; sourceTree = "<group>"; };
		3B2D9B2429D3341B00A81C57 /* ExogamesUITests.xctest */ = {isa = PBXFileReference; explicitFileType = wrapper.cfbundle; includeInIndex = 0; path = ExogamesUITests.xctest; sourceTree = BUILT_PRODUCTS_DIR; };
		3B2D9B2829D3341B00A81C57 /* ExogamesUITests.swift */ = {isa = PBXFileReference; lastKnownFileType = sourcecode.swift; path = ExogamesUITests.swift; sourceTree = "<group>"; };
		3B2D9B2A29D3341B00A81C57 /* ExogamesUITestsLaunchTests.swift */ = {isa = PBXFileReference; lastKnownFileType = sourcecode.swift; path = ExogamesUITestsLaunchTests.swift; sourceTree = "<group>"; };
/* End PBXFileReference section */

/* Begin PBXFrameworksBuildPhase section */
		3B2D9B0729D3341900A81C57 /* Frameworks */ = {
			isa = PBXFrameworksBuildPhase;
			buildActionMask = 2147483647;
			files = (
			);
			runOnlyForDeploymentPostprocessing = 0;
		};
		3B2D9B1729D3341B00A81C57 /* Frameworks */ = {
			isa = PBXFrameworksBuildPhase;
			buildActionMask = 2147483647;
			files = (
			);
			runOnlyForDeploymentPostprocessing = 0;
		};
		3B2D9B2129D3341B00A81C57 /* Frameworks */ = {
			isa = PBXFrameworksBuildPhase;
			buildActionMask = 2147483647;
			files = (
			);
			runOnlyForDeploymentPostprocessing = 0;
		};
/* End PBXFrameworksBuildPhase section */

/* Begin PBXGroup section */
		3B2D9B0129D3341900A81C57 = {
			isa = PBXGroup;
			children = (
				3B2D9B0C29D3341900A81C57 /* Exogames */,
				3B2D9B1D29D3341B00A81C57 /* ExogamesTests */,
				3B2D9B2729D3341B00A81C57 /* ExogamesUITests */,
				3B2D9B0B29D3341900A81C57 /* Products */,
			);
			sourceTree = "<group>";
		};
		3B2D9B0B29D3341900A81C57 /* Products */ = {
			isa = PBXGroup;
			children = (
				3B2D9B0A29D3341900A81C57 /* Exogames.app */,
				3B2D9B1A29D3341B00A81C57 /* ExogamesTests.xctest */,
				3B2D9B2429D3341B00A81C57 /* ExogamesUITests.xctest */,
			);
			name = Products;
			sourceTree = "<group>";
		};
		3B2D9B0C29D3341900A81C57 /* Exogames */ = {
			isa = PBXGroup;
			children = (
				3B2D9B0D29D3341900A81C57 /* ExogamesApp.swift */,
				3B2D9B0F29D3341900A81C57 /* ContentView.swift */,
				3B2D9B1129D3341B00A81C57 /* Assets.xcassets */,
				3B2D9B1329D3341B00A81C57 /* Preview Content */,
			);
			path = Exogames;
			sourceTree = "<group>";
		};
		3B2D9B1329D3341B00A81C57 /* Preview Content */ = {
			isa = PBXGroup;
			children = (
				3B2D9B1429D3341B00A81C57 /* Preview Assets.xcassets */,
			);
			path = "Preview Content";
			sourceTree = "<group>";
		};
		3B2D9B1D29D3341B00A81C57 /* ExogamesTests */ = {
			isa = PBXGroup;
			children = (
				3B2D9B1E29D3341B00A81C57 /* ExogamesTests.swift */,
			);
			path = ExogamesTests;
			sourceTree = "<group>";
		};
		3B2D9B2729D3341B00A81C57 /* ExogamesUITests */ = {
			isa = PBXGroup;
			children = (
				3B2D9B2829D3341B00A81C57 /* ExogamesUITests.swift */,
				3B2D9B2A29D3341B00A81C57 /* ExogamesUITestsLaunchTests.swift */,
			);
			path = ExogamesUITests;
			sourceTree = "<group>";
		};
/* End PBXGroup section */

/* Begin PBXNativeTarget section */
		3B2D9B0929D3341900A81C57 /* Exogames */ = {
			isa = PBXNativeTarget;
			buildConfigurationList = 3B2D9B2E29D3341B00A81C57 /* Build configuration list for PBXNativeTarget "Exogames" */;
			buildPhases = (
				3B2D9B0629D3341900A81C57 /* Sources */,
				3B2D9B0729D3341900A81C57 /* Frameworks */,
				3B2D9B0829D3341900A81C57 /* Resources */,
			);
			buildRules = (
			);
			dependencies = (
			);
			name = Exogames;
			productName = Exogames;
			productReference = 3B2D9B0A29D3341900A81C57 /* Exogames.app */;
			productType = "com.apple.product-type.application";
		};
		3B2D9B1929D3341B00A81C57 /* ExogamesTests */ = {
			isa = PBXNativeTarget;
			buildConfigurationList = 3B2D9B3129D3341B00A81C57 /* Build configuration list for PBXNativeTarget "ExogamesTests" */;
			buildPhases = (
				3B2D9B1629D3341B00A81C57 /* Sources */,
				3B2D9B1729D3341B00A81C57 /* Frameworks */,
				3B2D9B1829D3341B00A81C57 /* Resources */,
			);
			buildRules = (
			);
			dependencies = (
				3B2D9B1C29D3341B00A81C57 /* PBXTargetDependency */,
			);
			name = ExogamesTests;
			productName = ExogamesTests;
			productReference = 3B2D9B1A29D3341B00A81C57 /* ExogamesTests.xctest */;
			productType = "com.apple.product-type.bundle.unit-test";
		};
		3B2D9B2329D3341B00A81C57 /* ExogamesUITests */ = {
			isa = PBXNativeTarget;
			buildConfigurationList = 3B2D9B3429D3341B00A81C57 /* Build configuration list for PBXNativeTarget "ExogamesUITests" */;
			buildPhases = (
				3B2D9B2029D3341B00A81C57 /* Sources */,
				3B2D9B2129D3341B00A81C57 /* Frameworks */,
				3B2D9B2229D3341B00A81C57 /* Resources */,
			);
			buildRules = (
			);
			dependencies = (
				3B2D9B2629D3341B00A81C57 /* PBXTargetDependency */,
			);
			name = ExogamesUITests;
			productName = ExogamesUITests;
			productReference = 3B2D9B2429D3341B00A81C57 /* ExogamesUITests.xctest */;
			productType = "com.apple.product-type.bundle.ui-testing";
		};
/* End PBXNativeTarget section */

/* Begin PBXProject section */
		3B2D9B0229D3341900A81C57 /* Project object */ = {
			isa = PBXProject;
			attributes = {
				BuildIndependentTargetsInParallel = 1;
				LastSwiftUpdateCheck = 1420;
				LastUpgradeCheck = 1420;
				TargetAttributes = {
					3B2D9B0929D3341900A81C57 = {
						CreatedOnToolsVersion = 14.2;
					};
					3B2D9B1929D3341B00A81C57 = {
						CreatedOnToolsVersion = 14.2;
						TestTargetID = 3B2D9B0929D3341900A81C57;
					};
					3B2D9B2329D3341B00A81C57 = {
						CreatedOnToolsVersion = 14.2;
						TestTargetID = 3B2D9B0929D3341900A81C57;
					};
				};
			};
			buildConfigurationList = 3B2D9B0529D3341900A81C57 /* Build configuration list for PBXProject "Exogames" */;
			compatibilityVersion = "Xcode 14.0";
			developmentRegion = en;
			hasScannedForEncodings = 0;
			knownRegions = (
				en,
				Base,
			);
			mainGroup = 3B2D9B0129D3341900A81C57;
			productRefGroup = 3B2D9B0B29D3341900A81C57 /* Products */;
			projectDirPath = "";
			projectRoot = "";
			targets = (
				3B2D9B0929D3341900A81C57 /* Exogames */,
				3B2D9B1929D3341B00A81C57 /* ExogamesTests */,
				3B2D9B2329D3341B00A81C57 /* ExogamesUITests */,
			);
		};
/* End PBXProject section */

/* Begin PBXResourcesBuildPhase section */
		3B2D9B0829D3341900A81C57 /* Resources */ = {
			isa = PBXResourcesBuildPhase;
			buildActionMask = 2147483647;
			files = (
				3B2D9B1529D3341B00A81C57 /* Preview Assets.xcassets in Resources */,
				3B2D9B1229D3341B00A81C57 /* Assets.xcassets in Resources */,
			);
			runOnlyForDeploymentPostprocessing = 0;
		};
		3B2D9B1829D3341B00A81C57 /* Resources */ = {
			isa = PBXResourcesBuildPhase;
			buildActionMask = 2147483647;
			files = (
			);
			runOnlyForDeploymentPostprocessing = 0;
		};
		3B2D9B2229D3341B00A81C57 /* Resources */ = {
			isa = PBXResourcesBuildPhase;
			buildActionMask = 2147483647;
			files = (
			);
			runOnlyForDeploymentPostprocessing = 0;
		};
/* End PBXResourcesBuildPhase section */

/* Begin PBXSourcesBuildPhase section */
		3B2D9B0629D3341900A81C57 /* Sources */ = {
			isa = PBXSourcesBuildPhase;
			buildActionMask = 2147483647;
			files = (
				3B2D9B1029D3341900A81C57 /* ContentView.swift in Sources */,
				3B2D9B0E29D3341900A81C57 /* ExogamesApp.swift in Sources */,
			);
			runOnlyForDeploymentPostprocessing = 0;
		};
		3B2D9B1629D3341B00A81C57 /* Sources */ = {
			isa = PBXSourcesBuildPhase;
			buildActionMask = 2147483647;
			files = (
				3B2D9B1F29D3341B00A81C57 /* ExogamesTests.swift in Sources */,
			);
			runOnlyForDeploymentPostprocessing = 0;
		};
		3B2D9B2029D3341B00A81C57 /* Sources */ = {
			isa = PBXSourcesBuildPhase;
			buildActionMask = 2147483647;
			files = (
				3B2D9B2B29D3341B00A81C57 /* ExogamesUITestsLaunchTests.swift in Sources */,
				3B2D9B2929D3341B00A81C57 /* ExogamesUITests.swift in Sources */,
			);
			runOnlyForDeploymentPostprocessing = 0;
		};
/* End PBXSourcesBuildPhase section */

/* Begin PBXTargetDependency section */
		3B2D9B1C29D3341B00A81C57 /* PBXTargetDependency */ = {
			isa = PBXTargetDependency;
			target = 3B2D9B0929D3341900A81C57 /* Exogames */;
			targetProxy = 3B2D9B1B29D3341B00A81C57 /* PBXContainerItemProxy */;
		};
		3B2D9B2629D3341B00A81C57 /* PBXTargetDependency */ = {
			isa = PBXTargetDependency;
			target = 3B2D9B0929D3341900A81C57 /* Exogames */;
			targetProxy = 3B2D9B2529D3341B00A81C57 /* PBXContainerItemProxy */;
		};
/* End PBXTargetDependency section */

/* Begin XCBuildConfiguration section */
		3B2D9B2C29D3341B00A81C57 /* Debug */ = {
			isa = XCBuildConfiguration;
			buildSettings = {
				ALWAYS_SEARCH_USER_PATHS = NO;
				CLANG_ANALYZER_NONNULL = YES;
				CLANG_ANALYZER_NUMBER_OBJECT_CONVERSION = YES_AGGRESSIVE;
				CLANG_CXX_LANGUAGE_STANDARD = "gnu++20";
				CLANG_ENABLE_MODULES = YES;
				CLANG_ENABLE_OBJC_ARC = YES;
				CLANG_ENABLE_OBJC_WEAK = YES;
				CLANG_WARN_BLOCK_CAPTURE_AUTORELEASING = YES;
				CLANG_WARN_BOOL_CONVERSION = YES;
				CLANG_WARN_COMMA = YES;
				CLANG_WARN_CONSTANT_CONVERSION = YES;
				CLANG_WARN_DEPRECATED_OBJC_IMPLEMENTATIONS = YES;
				CLANG_WARN_DIRECT_OBJC_ISA_USAGE = YES_ERROR;
				CLANG_WARN_DOCUMENTATION_COMMENTS = YES;
				CLANG_WARN_EMPTY_BODY = YES;
				CLANG_WARN_ENUM_CONVERSION = YES;
				CLANG_WARN_INFINITE_RECURSION = YES;
				CLANG_WARN_INT_CONVERSION = YES;
				CLANG_WARN_NON_LITERAL_NULL_CONVERSION = YES;
				CLANG_WARN_OBJC_IMPLICIT_RETAIN_SELF = YES;
				CLANG_WARN_OBJC_LITERAL_CONVERSION = YES;
				CLANG_WARN_OBJC_ROOT_CLASS = YES_ERROR;
				CLANG_WARN_QUOTED_INCLUDE_IN_FRAMEWORK_HEADER = YES;
				CLANG_WARN_RANGE_LOOP_ANALYSIS = YES;
				CLANG_WARN_STRICT_PROTOTYPES = YES;
				CLANG_WARN_SUSPICIOUS_MOVE = YES;
				CLANG_WARN_UNGUARDED_AVAILABILITY = YES_AGGRESSIVE;
				CLANG_WARN_UNREACHABLE_CODE = YES;
				CLANG_WARN__DUPLICATE_METHOD_MATCH = YES;
				COPY_PHASE_STRIP = NO;
				DEBUG_INFORMATION_FORMAT = dwarf;
				ENABLE_STRICT_OBJC_MSGSEND = YES;
				ENABLE_TESTABILITY = YES;
				GCC_C_LANGUAGE_STANDARD = gnu11;
				GCC_DYNAMIC_NO_PIC = NO;
				GCC_NO_COMMON_BLOCKS = YES;
				GCC_OPTIMIZATION_LEVEL = 0;
				GCC_PREPROCESSOR_DEFINITIONS = (
					"DEBUG=1",
					"$(inherited)",
				);
				GCC_WARN_64_TO_32_BIT_CONVERSION = YES;
				GCC_WARN_ABOUT_RETURN_TYPE = YES_ERROR;
				GCC_WARN_UNDECLARED_SELECTOR = YES;
				GCC_WARN_UNINITIALIZED_AUTOS = YES_AGGRESSIVE;
				GCC_WARN_UNUSED_FUNCTION = YES;
				GCC_WARN_UNUSED_VARIABLE = YES;
				IPHONEOS_DEPLOYMENT_TARGET = 16.2;
				MTL_ENABLE_DEBUG_INFO = INCLUDE_SOURCE;
				MTL_FAST_MATH = YES;
				ONLY_ACTIVE_ARCH = YES;
				SDKROOT = iphoneos;
				SWIFT_ACTIVE_COMPILATION_CONDITIONS = DEBUG;
				SWIFT_OPTIMIZATION_LEVEL = "-Onone";
			};
			name = Debug;
		};
		3B2D9B2D29D3341B00A81C57 /* Release */ = {
			isa = XCBuildConfiguration;
			buildSettings = {
				ALWAYS_SEARCH_USER_PATHS = NO;
				CLANG_ANALYZER_NONNULL = YES;
				CLANG_ANALYZER_NUMBER_OBJECT_CONVERSION = YES_AGGRESSIVE;
				CLANG_CXX_LANGUAGE_STANDARD = "gnu++20";
				CLANG_ENABLE_MODULES = YES;
				CLANG_ENABLE_OBJC_ARC = YES;
				CLANG_ENABLE_OBJC_WEAK = YES;
				CLANG_WARN_BLOCK_CAPTURE_AUTORELEASING = YES;
				CLANG_WARN_BOOL_CONVERSION = YES;
				CLANG_WARN_COMMA = YES;
				CLANG_WARN_CONSTANT_CONVERSION = YES;
				CLANG_WARN_DEPRECATED_OBJC_IMPLEMENTATIONS = YES;
				CLANG_WARN_DIRECT_OBJC_ISA_USAGE = YES_ERROR;
				CLANG_WARN_DOCUMENTATION_COMMENTS = YES;
				CLANG_WARN_EMPTY_BODY = YES;
				CLANG_WARN_ENUM_CONVERSION = YES;
				CLANG_WARN_INFINITE_RECURSION = YES;
				CLANG_WARN_INT_CONVERSION = YES;
				CLANG_WARN_NON_LITERAL_NULL_CONVERSION = YES;
				CLANG_WARN_OBJC_IMPLICIT_RETAIN_SELF = YES;
				CLANG_WARN_OBJC_LITERAL_CONVERSION = YES;
				CLANG_WARN_OBJC_ROOT_CLASS = YES_ERROR;
				CLANG_WARN_QUOTED_INCLUDE_IN_FRAMEWORK_HEADER = YES;
				CLANG_WARN_RANGE_LOOP_ANALYSIS = YES;
				CLANG_WARN_STRICT_PROTOTYPES = YES;
				CLANG_WARN_SUSPICIOUS_MOVE = YES;
				CLANG_WARN_UNGUARDED_AVAILABILITY = YES_AGGRESSIVE;
				CLANG_WARN_UNREACHABLE_CODE = YES;
				CLANG_WARN__DUPLICATE_METHOD_MATCH = YES;
				COPY_PHASE_STRIP = NO;
				DEBUG_INFORMATION_FORMAT = "dwarf-with-dsym";
				ENABLE_NS_ASSERTIONS = NO;
				ENABLE_STRICT_OBJC_MSGSEND = YES;
				GCC_C_LANGUAGE_STANDARD = gnu11;
				GCC_NO_COMMON_BLOCKS = YES;
				GCC_WARN_64_TO_32_BIT_CONVERSION = YES;
				GCC_WARN_ABOUT_RETURN_TYPE = YES_ERROR;
				GCC_WARN_UNDECLARED_SELECTOR = YES;
				GCC_WARN_UNINITIALIZED_AUTOS = YES_AGGRESSIVE;
				GCC_WARN_UNUSED_FUNCTION = YES;
				GCC_WARN_UNUSED_VARIABLE = YES;
				IPHONEOS_DEPLOYMENT_TARGET = 16.2;
				MTL_ENABLE_DEBUG_INFO = NO;
				MTL_FAST_MATH = YES;
				SDKROOT = iphoneos;
				SWIFT_COMPILATION_MODE = wholemodule;
				SWIFT_OPTIMIZATION_LEVEL = "-O";
				VALIDATE_PRODUCT = YES;
			};
			name = Release;
		};
		3B2D9B2F29D3341B00A81C57 /* Debug */ = {
			isa = XCBuildConfiguration;
			buildSettings = {
				ASSETCATALOG_COMPILER_APPICON_NAME = AppIcon;
				ASSETCATALOG_COMPILER_GLOBAL_ACCENT_COLOR_NAME = AccentColor;
				CODE_SIGN_STYLE = Automatic;
				CURRENT_PROJECT_VERSION = 1;
				DEVELOPMENT_ASSET_PATHS = "\"Exogames/Preview Content\"";
				DEVELOPMENT_TEAM = 2U49T83TPH;
				ENABLE_PREVIEWS = YES;
				GENERATE_INFOPLIST_FILE = YES;
				INFOPLIST_KEY_UIApplicationSceneManifest_Generation = YES;
				INFOPLIST_KEY_UIApplicationSupportsIndirectInputEvents = YES;
				INFOPLIST_KEY_UILaunchScreen_Generation = YES;
				INFOPLIST_KEY_UISupportedInterfaceOrientations_iPad = "UIInterfaceOrientationPortrait UIInterfaceOrientationPortraitUpsideDown UIInterfaceOrientationLandscapeLeft UIInterfaceOrientationLandscapeRight";
				INFOPLIST_KEY_UISupportedInterfaceOrientations_iPhone = "UIInterfaceOrientationPortrait UIInterfaceOrientationLandscapeLeft UIInterfaceOrientationLandscapeRight";
				LD_RUNPATH_SEARCH_PATHS = (
					"$(inherited)",
					"@executable_path/Frameworks",
				);
				MARKETING_VERSION = 1.0;
				PRODUCT_BUNDLE_IDENTIFIER = globantDojo.Exogames;
				PRODUCT_NAME = "$(TARGET_NAME)";
				SWIFT_EMIT_LOC_STRINGS = YES;
				SWIFT_VERSION = 5.0;
				TARGETED_DEVICE_FAMILY = "1,2";
			};
			name = Debug;
		};
		3B2D9B3029D3341B00A81C57 /* Release */ = {
			isa = XCBuildConfiguration;
			buildSettings = {
				ASSETCATALOG_COMPILER_APPICON_NAME = AppIcon;
				ASSETCATALOG_COMPILER_GLOBAL_ACCENT_COLOR_NAME = AccentColor;
				CODE_SIGN_STYLE = Automatic;
				CURRENT_PROJECT_VERSION = 1;
				DEVELOPMENT_ASSET_PATHS = "\"Exogames/Preview Content\"";
				DEVELOPMENT_TEAM = 2U49T83TPH;
				ENABLE_PREVIEWS = YES;
				GENERATE_INFOPLIST_FILE = YES;
				INFOPLIST_KEY_UIApplicationSceneManifest_Generation = YES;
				INFOPLIST_KEY_UIApplicationSupportsIndirectInputEvents = YES;
				INFOPLIST_KEY_UILaunchScreen_Generation = YES;
				INFOPLIST_KEY_UISupportedInterfaceOrientations_iPad = "UIInterfaceOrientationPortrait UIInterfaceOrientationPortraitUpsideDown UIInterfaceOrientationLandscapeLeft UIInterfaceOrientationLandscapeRight";
				INFOPLIST_KEY_UISupportedInterfaceOrientations_iPhone = "UIInterfaceOrientationPortrait UIInterfaceOrientationLandscapeLeft UIInterfaceOrientationLandscapeRight";
				LD_RUNPATH_SEARCH_PATHS = (
					"$(inherited)",
					"@executable_path/Frameworks",
				);
				MARKETING_VERSION = 1.0;
				PRODUCT_BUNDLE_IDENTIFIER = globantDojo.Exogames;
				PRODUCT_NAME = "$(TARGET_NAME)";
				SWIFT_EMIT_LOC_STRINGS = YES;
				SWIFT_VERSION = 5.0;
				TARGETED_DEVICE_FAMILY = "1,2";
			};
			name = Release;
		};
		3B2D9B3229D3341B00A81C57 /* Debug */ = {
			isa = XCBuildConfiguration;
			buildSettings = {
				ALWAYS_EMBED_SWIFT_STANDARD_LIBRARIES = YES;
				BUNDLE_LOADER = "$(TEST_HOST)";
				CODE_SIGN_STYLE = Automatic;
				CURRENT_PROJECT_VERSION = 1;
				DEVELOPMENT_TEAM = 2U49T83TPH;
				GENERATE_INFOPLIST_FILE = YES;
				IPHONEOS_DEPLOYMENT_TARGET = 16.2;
				MARKETING_VERSION = 1.0;
				PRODUCT_BUNDLE_IDENTIFIER = globantDojo.ExogamesTests;
				PRODUCT_NAME = "$(TARGET_NAME)";
				SWIFT_EMIT_LOC_STRINGS = NO;
				SWIFT_VERSION = 5.0;
				TARGETED_DEVICE_FAMILY = "1,2";
				TEST_HOST = "$(BUILT_PRODUCTS_DIR)/Exogames.app/$(BUNDLE_EXECUTABLE_FOLDER_PATH)/Exogames";
			};
			name = Debug;
		};
		3B2D9B3329D3341B00A81C57 /* Release */ = {
			isa = XCBuildConfiguration;
			buildSettings = {
				ALWAYS_EMBED_SWIFT_STANDARD_LIBRARIES = YES;
				BUNDLE_LOADER = "$(TEST_HOST)";
				CODE_SIGN_STYLE = Automatic;
				CURRENT_PROJECT_VERSION = 1;
				DEVELOPMENT_TEAM = 2U49T83TPH;
				GENERATE_INFOPLIST_FILE = YES;
				IPHONEOS_DEPLOYMENT_TARGET = 16.2;
				MARKETING_VERSION = 1.0;
				PRODUCT_BUNDLE_IDENTIFIER = globantDojo.ExogamesTests;
				PRODUCT_NAME = "$(TARGET_NAME)";
				SWIFT_EMIT_LOC_STRINGS = NO;
				SWIFT_VERSION = 5.0;
				TARGETED_DEVICE_FAMILY = "1,2";
				TEST_HOST = "$(BUILT_PRODUCTS_DIR)/Exogames.app/$(BUNDLE_EXECUTABLE_FOLDER_PATH)/Exogames";
			};
			name = Release;
		};
		3B2D9B3529D3341B00A81C57 /* Debug */ = {
			isa = XCBuildConfiguration;
			buildSettings = {
				ALWAYS_EMBED_SWIFT_STANDARD_LIBRARIES = YES;
				CODE_SIGN_STYLE = Automatic;
				CURRENT_PROJECT_VERSION = 1;
				DEVELOPMENT_TEAM = 2U49T83TPH;
				GENERATE_INFOPLIST_FILE = YES;
				MARKETING_VERSION = 1.0;
				PRODUCT_BUNDLE_IDENTIFIER = globantDojo.ExogamesUITests;
				PRODUCT_NAME = "$(TARGET_NAME)";
				SWIFT_EMIT_LOC_STRINGS = NO;
				SWIFT_VERSION = 5.0;
				TARGETED_DEVICE_FAMILY = "1,2";
				TEST_TARGET_NAME = Exogames;
			};
			name = Debug;
		};
		3B2D9B3629D3341B00A81C57 /* Release */ = {
			isa = XCBuildConfiguration;
			buildSettings = {
				ALWAYS_EMBED_SWIFT_STANDARD_LIBRARIES = YES;
				CODE_SIGN_STYLE = Automatic;
				CURRENT_PROJECT_VERSION = 1;
				DEVELOPMENT_TEAM = 2U49T83TPH;
				GENERATE_INFOPLIST_FILE = YES;
				MARKETING_VERSION = 1.0;
				PRODUCT_BUNDLE_IDENTIFIER = globantDojo.ExogamesUITests;
				PRODUCT_NAME = "$(TARGET_NAME)";
				SWIFT_EMIT_LOC_STRINGS = NO;
				SWIFT_VERSION = 5.0;
				TARGETED_DEVICE_FAMILY = "1,2";
				TEST_TARGET_NAME = Exogames;
			};
			name = Release;
		};
/* End XCBuildConfiguration section */

/* Begin XCConfigurationList section */
		3B2D9B0529D3341900A81C57 /* Build configuration list for PBXProject "Exogames" */ = {
			isa = XCConfigurationList;
			buildConfigurations = (
				3B2D9B2C29D3341B00A81C57 /* Debug */,
				3B2D9B2D29D3341B00A81C57 /* Release */,
			);
			defaultConfigurationIsVisible = 0;
			defaultConfigurationName = Release;
		};
		3B2D9B2E29D3341B00A81C57 /* Build configuration list for PBXNativeTarget "Exogames" */ = {
			isa = XCConfigurationList;
			buildConfigurations = (
				3B2D9B2F29D3341B00A81C57 /* Debug */,
				3B2D9B3029D3341B00A81C57 /* Release */,
			);
			defaultConfigurationIsVisible = 0;
			defaultConfigurationName = Release;
		};
		3B2D9B3129D3341B00A81C57 /* Build configuration list for PBXNativeTarget "ExogamesTests" */ = {
			isa = XCConfigurationList;
			buildConfigurations = (
				3B2D9B3229D3341B00A81C57 /* Debug */,
				3B2D9B3329D3341B00A81C57 /* Release */,
			);
			defaultConfigurationIsVisible = 0;
			defaultConfigurationName = Release;
		};
		3B2D9B3429D3341B00A81C57 /* Build configuration list for PBXNativeTarget "ExogamesUITests" */ = {
			isa = XCConfigurationList;
			buildConfigurations = (
				3B2D9B3529D3341B00A81C57 /* Debug */,
				3B2D9B3629D3341B00A81C57 /* Release */,
			);
			defaultConfigurationIsVisible = 0;
			defaultConfigurationName = Release;
		};
/* End XCConfigurationList section */
	};
	rootObject = 3B2D9B0229D3341900A81C57 /* Project object */;
}
